
Microsoft Visual Studio Solution File, Format Version 12.00
# Visual Studio Version 16
VisualStudioVersion = 16.0.30717.126
MinimumVisualStudioVersion = 10.0.40219.1
Project("{9A19103F-16F7-4668-BE54-9A1E7A4F7556}") = "Bytrade.ApiOn", "Bytrade.ApiOn\Bytrade.ApiOn.csproj", "{2F4B5F81-699E-4CD7-ABEB-E47A66B91D6D}"
	ProjectSection(ProjectDependencies) = postProject
		{915C23BA-1FE5-4C12-BB02-36C69907CA39} = {915C23BA-1FE5-4C12-BB02-36C69907CA39}
	EndProjectSection
EndProject
Project("{FAE04EC0-301F-11D3-BF4B-00C04F79EFBC}") = "Bytrade.Dominio", "Bytrade.Dominio\Bytrade.Dominio.csproj", "{915C23BA-1FE5-4C12-BB02-36C69907CA39}"
EndProject
Global
	GlobalSection(SolutionConfigurationPlatforms) = preSolution
		Debug|Any CPU = Debug|Any CPU
		Release|Any CPU = Release|Any CPU
	EndGlobalSection
	GlobalSection(ProjectConfigurationPlatforms) = postSolution
		{2F4B5F81-699E-4CD7-ABEB-E47A66B91D6D}.Debug|Any CPU.ActiveCfg = Debug|Any CPU
		{2F4B5F81-699E-4CD7-ABEB-E47A66B91D6D}.Debug|Any CPU.Build.0 = Debug|Any CPU
		{2F4B5F81-699E-4CD7-ABEB-E47A66B91D6D}.Release|Any CPU.ActiveCfg = Release|Any CPU
		{2F4B5F81-699E-4CD7-ABEB-E47A66B91D6D}.Release|Any CPU.Build.0 = Release|Any CPU
		{915C23BA-1FE5-4C12-BB02-36C69907CA39}.Debug|Any CPU.ActiveCfg = Debug|Any CPU
		{915C23BA-1FE5-4C12-BB02-36C69907CA39}.Debug|Any CPU.Build.0 = Debug|Any CPU
		{915C23BA-1FE5-4C12-BB02-36C69907CA39}.Release|Any CPU.ActiveCfg = Release|Any CPU
		{915C23BA-1FE5-4C12-BB02-36C69907CA39}.Release|Any CPU.Build.0 = Release|Any CPU
	EndGlobalSection
	GlobalSection(SolutionProperties) = preSolution
		HideSolutionNode = FALSE
	EndGlobalSection
	GlobalSection(ExtensibilityGlobals) = postSolution
		SolutionGuid = {AC4F5645-92E1-4BB2-A973-9C61E865D4A9}
	EndGlobalSection
EndGlobal
